{
  "name": "AssignmentPlanner",
  "lockfileVersion": 3,
  "requires": true,
  "packages": {
    "": {
      "dependencies": {
        "material-symbols": "^0.32.0"
      }
    },
    "node_modules/material-symbols": {
      "version": "0.32.0",
      "resolved": "https://registry.npmjs.org/material-symbols/-/material-symbols-0.32.0.tgz",
      "integrity": "sha512-qpYGTPbaIUo7pgZF5WipR6bBACxf7+Q3sIZgayWCI3Upbo7lkCdR2CP0k1sLru34wP74ewZiKUvUr2P6iTUqHw==",
      "license": "Apache-2.0"
    }
  }
}
